
Microsoft Visual Studio Solution File, Format Version 12.00
# Visual Studio 15
VisualStudioVersion = 15.0.28307.960
MinimumVisualStudioVersion = 10.0.40219.1
Project("{FAE04EC0-301F-11D3-BF4B-00C04F79EFBC}") = "CosmosDBTestClient.App", "CosmosDBTestClient.App\CosmosDBTestClient.App.csproj", "{2BBB7F4D-0A8C-4029-9A32-96B86AB061F1}"
EndProject
Project("{FAE04EC0-301F-11D3-BF4B-00C04F79EFBC}") = "CosmosDBTestClient.Core", "CosmosDBTestClient.Core\CosmosDBTestClient.Core.csproj", "{E3ED633B-75E7-40FD-BB8B-710F6705B6DA}"
EndProject
Global
	GlobalSection(SolutionConfigurationPlatforms) = preSolution
		Debug|Any CPU = Debug|Any CPU
		Release|Any CPU = Release|Any CPU
	EndGlobalSection
	GlobalSection(ProjectConfigurationPlatforms) = postSolution
		{2BBB7F4D-0A8C-4029-9A32-96B86AB061F1}.Debug|Any CPU.ActiveCfg = Debug|Any CPU
		{2BBB7F4D-0A8C-4029-9A32-96B86AB061F1}.Debug|Any CPU.Build.0 = Debug|Any CPU
		{2BBB7F4D-0A8C-4029-9A32-96B86AB061F1}.Release|Any CPU.ActiveCfg = Release|Any CPU
		{2BBB7F4D-0A8C-4029-9A32-96B86AB061F1}.Release|Any CPU.Build.0 = Release|Any CPU
		{E3ED633B-75E7-40FD-BB8B-710F6705B6DA}.Debug|Any CPU.ActiveCfg = Debug|Any CPU
		{E3ED633B-75E7-40FD-BB8B-710F6705B6DA}.Debug|Any CPU.Build.0 = Debug|Any CPU
		{E3ED633B-75E7-40FD-BB8B-710F6705B6DA}.Release|Any CPU.ActiveCfg = Release|Any CPU
		{E3ED633B-75E7-40FD-BB8B-710F6705B6DA}.Release|Any CPU.Build.0 = Release|Any CPU
	EndGlobalSection
	GlobalSection(SolutionProperties) = preSolution
		HideSolutionNode = FALSE
	EndGlobalSection
	GlobalSection(ExtensibilityGlobals) = postSolution
		SolutionGuid = {7D1A3B0E-DE78-44E5-81BE-A84487492BEC}
	EndGlobalSection
EndGlobal
